
Microsoft Visual Studio Solution File, Format Version 12.00
# Visual Studio Version 16
VisualStudioVersion = 16.0.31229.75
MinimumVisualStudioVersion = 10.0.40219.1
Project("{9A19103F-16F7-4668-BE54-9A1E7A4F7556}") = "Fundamentos", "Fundamentos.csproj", "{EE0784D5-F36C-4202-BA6B-10554CF88004}"
EndProject
Project("{E53339B2-1760-4266-BCC7-CA923CBCF16C}") = "docker-compose", "docker-compose.dcproj", "{6716D09B-39A0-46BD-84B5-E12B26650F08}"
EndProject
Global
	GlobalSection(SolutionConfigurationPlatforms) = preSolution
		Debug|Any CPU = Debug|Any CPU
		Release|Any CPU = Release|Any CPU
	EndGlobalSection
	GlobalSection(ProjectConfigurationPlatforms) = postSolution
		{EE0784D5-F36C-4202-BA6B-10554CF88004}.Debug|Any CPU.ActiveCfg = Debug|Any CPU
		{EE0784D5-F36C-4202-BA6B-10554CF88004}.Debug|Any CPU.Build.0 = Debug|Any CPU
		{EE0784D5-F36C-4202-BA6B-10554CF88004}.Release|Any CPU.ActiveCfg = Release|Any CPU
		{EE0784D5-F36C-4202-BA6B-10554CF88004}.Release|Any CPU.Build.0 = Release|Any CPU
		{6716D09B-39A0-46BD-84B5-E12B26650F08}.Debug|Any CPU.ActiveCfg = Debug|Any CPU
		{6716D09B-39A0-46BD-84B5-E12B26650F08}.Debug|Any CPU.Build.0 = Debug|Any CPU
		{6716D09B-39A0-46BD-84B5-E12B26650F08}.Release|Any CPU.ActiveCfg = Release|Any CPU
		{6716D09B-39A0-46BD-84B5-E12B26650F08}.Release|Any CPU.Build.0 = Release|Any CPU
	EndGlobalSection
	GlobalSection(SolutionProperties) = preSolution
		HideSolutionNode = FALSE
	EndGlobalSection
	GlobalSection(ExtensibilityGlobals) = postSolution
		SolutionGuid = {5610A32B-3F29-4782-AC58-BA418358F1F7}
	EndGlobalSection
EndGlobal
